
Microsoft Visual Studio Solution File, Format Version 12.00
# Visual Studio Version 17
VisualStudioVersion = 17.5.33516.290
MinimumVisualStudioVersion = 10.0.40219.1
Project("{9A19103F-16F7-4668-BE54-9A1E7A4F7556}") = "PROYECTO PRÁCTICO NO.1 HECTOR FLORES Y KENNETH CASTILLO", "ConsoleApp\PROYECTO PRÁCTICO NO.1 HECTOR FLORES Y KENNETH CASTILLO.csproj", "{73438D4E-72F4-40EB-92BD-A88CC1B80D93}"
EndProject
Global
	GlobalSection(SolutionConfigurationPlatforms) = preSolution
		Debug|Any CPU = Debug|Any CPU
		Release|Any CPU = Release|Any CPU
	EndGlobalSection
	GlobalSection(ProjectConfigurationPlatforms) = postSolution
		{73438D4E-72F4-40EB-92BD-A88CC1B80D93}.Debug|Any CPU.ActiveCfg = Debug|Any CPU
		{73438D4E-72F4-40EB-92BD-A88CC1B80D93}.Debug|Any CPU.Build.0 = Debug|Any CPU
		{73438D4E-72F4-40EB-92BD-A88CC1B80D93}.Release|Any CPU.ActiveCfg = Release|Any CPU
		{73438D4E-72F4-40EB-92BD-A88CC1B80D93}.Release|Any CPU.Build.0 = Release|Any CPU
	EndGlobalSection
	GlobalSection(SolutionProperties) = preSolution
		HideSolutionNode = FALSE
	EndGlobalSection
	GlobalSection(ExtensibilityGlobals) = postSolution
		SolutionGuid = {F934EF96-A570-43F7-BB38-DE050AE9DC0D}
	EndGlobalSection
EndGlobal
